
Microsoft Visual Studio Solution File, Format Version 12.00
# Visual Studio 15
VisualStudioVersion = 15.0.26430.12
MinimumVisualStudioVersion = 10.0.40219.1
Project("{D954291E-2A0B-460D-934E-DC6B0785DB48}") = "KidSounds", "KidSounds\KidSounds\KidSounds.shproj", "{3CF4CF79-7334-4E56-AC33-1E3A1488A2EE}"
EndProject
Project("{FAE04EC0-301F-11D3-BF4B-00C04F79EFBC}") = "KidSounds.Android", "KidSounds\KidSounds.Android\KidSounds.Android.csproj", "{F0436AB2-BA80-427E-9E7D-5AF8C8E3BA48}"
EndProject
Project("{FAE04EC0-301F-11D3-BF4B-00C04F79EFBC}") = "KidSounds.iOS", "KidSounds\KidSounds.iOS\KidSounds.iOS.csproj", "{81134E4E-1EEA-4F90-A65E-F4CA9BE526C1}"
EndProject
Project("{FAE04EC0-301F-11D3-BF4B-00C04F79EFBC}") = "KidSounds.UWP", "KidSounds\KidSounds.UWP\KidSounds.UWP.csproj", "{9D1CAC7D-2FA2-44BE-919C-C13B9CF8192F}"
EndProject
Global
	GlobalSection(SharedMSBuildProjectFiles) = preSolution
		KidSounds\KidSounds\KidSounds.projitems*{3cf4cf79-7334-4e56-ac33-1e3a1488a2ee}*SharedItemsImports = 13
		KidSounds\KidSounds\KidSounds.projitems*{81134e4e-1eea-4f90-a65e-f4ca9be526c1}*SharedItemsImports = 4
		KidSounds\KidSounds\KidSounds.projitems*{9d1cac7d-2fa2-44be-919c-c13b9cf8192f}*SharedItemsImports = 4
		KidSounds\KidSounds\KidSounds.projitems*{f0436ab2-ba80-427e-9e7d-5af8c8e3ba48}*SharedItemsImports = 4
	EndGlobalSection
	GlobalSection(SolutionConfigurationPlatforms) = preSolution
		Ad-Hoc|Any CPU = Ad-Hoc|Any CPU
		Ad-Hoc|ARM = Ad-Hoc|ARM
		Ad-Hoc|iPhone = Ad-Hoc|iPhone
		Ad-Hoc|iPhoneSimulator = Ad-Hoc|iPhoneSimulator
		Ad-Hoc|x64 = Ad-Hoc|x64
		Ad-Hoc|x86 = Ad-Hoc|x86
		AppStore|Any CPU = AppStore|Any CPU
		AppStore|ARM = AppStore|ARM
		AppStore|iPhone = AppStore|iPhone
		AppStore|iPhoneSimulator = AppStore|iPhoneSimulator
		AppStore|x64 = AppStore|x64
		AppStore|x86 = AppStore|x86
		Debug|Any CPU = Debug|Any CPU
		Debug|ARM = Debug|ARM
		Debug|iPhone = Debug|iPhone
		Debug|iPhoneSimulator = Debug|iPhoneSimulator
		Debug|x64 = Debug|x64
		Debug|x86 = Debug|x86
		Release|Any CPU = Release|Any CPU
		Release|ARM = Release|ARM
		Release|iPhone = Release|iPhone
		Release|iPhoneSimulator = Release|iPhoneSimulator
		Release|x64 = Release|x64
		Release|x86 = Release|x86
	EndGlobalSection
	GlobalSection(ProjectConfigurationPlatforms) = postSolution
		{F0436AB2-BA80-427E-9E7D-5AF8C8E3BA48}.Ad-Hoc|Any CPU.ActiveCfg = Release|Any CPU
		{F0436AB2-BA80-427E-9E7D-5AF8C8E3BA48}.Ad-Hoc|Any CPU.Build.0 = Release|Any CPU
		{F0436AB2-BA80-427E-9E7D-5AF8C8E3BA48}.Ad-Hoc|Any CPU.Deploy.0 = Release|Any CPU
		{F0436AB2-BA80-427E-9E7D-5AF8C8E3BA48}.Ad-Hoc|ARM.ActiveCfg = Release|Any CPU
		{F0436AB2-BA80-427E-9E7D-5AF8C8E3BA48}.Ad-Hoc|ARM.Build.0 = Release|Any CPU
		{F0436AB2-BA80-427E-9E7D-5AF8C8E3BA48}.Ad-Hoc|ARM.Deploy.0 = Release|Any CPU
		{F0436AB2-BA80-427E-9E7D-5AF8C8E3BA48}.Ad-Hoc|iPhone.ActiveCfg = Release|Any CPU
		{F0436AB2-BA80-427E-9E7D-5AF8C8E3BA48}.Ad-Hoc|iPhone.Build.0 = Release|Any CPU
		{F0436AB2-BA80-427E-9E7D-5AF8C8E3BA48}.Ad-Hoc|iPhone.Deploy.0 = Release|Any CPU
		{F0436AB2-BA80-427E-9E7D-5AF8C8E3BA48}.Ad-Hoc|iPhoneSimulator.ActiveCfg = Release|Any CPU
		{F0436AB2-BA80-427E-9E7D-5AF8C8E3BA48}.Ad-Hoc|iPhoneSimulator.Build.0 = Release|Any CPU
		{F0436AB2-BA80-427E-9E7D-5AF8C8E3BA48}.Ad-Hoc|iPhoneSimulator.Deploy.0 = Release|Any CPU
		{F0436AB2-BA80-427E-9E7D-5AF8C8E3BA48}.Ad-Hoc|x64.ActiveCfg = Release|Any CPU
		{F0436AB2-BA80-427E-9E7D-5AF8C8E3BA48}.Ad-Hoc|x64.Build.0 = Release|Any CPU
		{F0436AB2-BA80-427E-9E7D-5AF8C8E3BA48}.Ad-Hoc|x64.Deploy.0 = Release|Any CPU
		{F0436AB2-BA80-427E-9E7D-5AF8C8E3BA48}.Ad-Hoc|x86.ActiveCfg = Release|Any CPU
		{F0436AB2-BA80-427E-9E7D-5AF8C8E3BA48}.Ad-Hoc|x86.Build.0 = Release|Any CPU
		{F0436AB2-BA80-427E-9E7D-5AF8C8E3BA48}.Ad-Hoc|x86.Deploy.0 = Release|Any CPU
		{F0436AB2-BA80-427E-9E7D-5AF8C8E3BA48}.AppStore|Any CPU.ActiveCfg = Release|Any CPU
		{F0436AB2-BA80-427E-9E7D-5AF8C8E3BA48}.AppStore|Any CPU.Build.0 = Release|Any CPU
		{F0436AB2-BA80-427E-9E7D-5AF8C8E3BA48}.AppStore|Any CPU.Deploy.0 = Release|Any CPU
		{F0436AB2-BA80-427E-9E7D-5AF8C8E3BA48}.AppStore|ARM.ActiveCfg = Release|Any CPU
		{F0436AB2-BA80-427E-9E7D-5AF8C8E3BA48}.AppStore|ARM.Build.0 = Release|Any CPU
		{F0436AB2-BA80-427E-9E7D-5AF8C8E3BA48}.AppStore|ARM.Deploy.0 = Release|Any CPU
		{F0436AB2-BA80-427E-9E7D-5AF8C8E3BA48}.AppStore|iPhone.ActiveCfg = Release|Any CPU
		{F0436AB2-BA80-427E-9E7D-5AF8C8E3BA48}.AppStore|iPhone.Build.0 = Release|Any CPU
		{F0436AB2-BA80-427E-9E7D-5AF8C8E3BA48}.AppStore|iPhone.Deploy.0 = Release|Any CPU
		{F0436AB2-BA80-427E-9E7D-5AF8C8E3BA48}.AppStore|iPhoneSimulator.ActiveCfg = Release|Any CPU
		{F0436AB2-BA80-427E-9E7D-5AF8C8E3BA48}.AppStore|iPhoneSimulator.Build.0 = Release|Any CPU
		{F0436AB2-BA80-427E-9E7D-5AF8C8E3BA48}.AppStore|iPhoneSimulator.Deploy.0 = Release|Any CPU
		{F0436AB2-BA80-427E-9E7D-5AF8C8E3BA48}.AppStore|x64.ActiveCfg = Release|Any CPU
		{F0436AB2-BA80-427E-9E7D-5AF8C8E3BA48}.AppStore|x64.Build.0 = Release|Any CPU
		{F0436AB2-BA80-427E-9E7D-5AF8C8E3BA48}.AppStore|x64.Deploy.0 = Release|Any CPU
		{F0436AB2-BA80-427E-9E7D-5AF8C8E3BA48}.AppStore|x86.ActiveCfg = Release|Any CPU
		{F0436AB2-BA80-427E-9E7D-5AF8C8E3BA48}.AppStore|x86.Build.0 = Release|Any CPU
		{F0436AB2-BA80-427E-9E7D-5AF8C8E3BA48}.AppStore|x86.Deploy.0 = Release|Any CPU
		{F0436AB2-BA80-427E-9E7D-5AF8C8E3BA48}.Debug|Any CPU.ActiveCfg = Debug|Any CPU
		{F0436AB2-BA80-427E-9E7D-5AF8C8E3BA48}.Debug|Any CPU.Build.0 = Debug|Any CPU
		{F0436AB2-BA80-427E-9E7D-5AF8C8E3BA48}.Debug|Any CPU.Deploy.0 = Debug|Any CPU
		{F0436AB2-BA80-427E-9E7D-5AF8C8E3BA48}.Debug|ARM.ActiveCfg = Debug|Any CPU
		{F0436AB2-BA80-427E-9E7D-5AF8C8E3BA48}.Debug|ARM.Build.0 = Debug|Any CPU
		{F0436AB2-BA80-427E-9E7D-5AF8C8E3BA48}.Debug|ARM.Deploy.0 = Debug|Any CPU
		{F0436AB2-BA80-427E-9E7D-5AF8C8E3BA48}.Debug|iPhone.ActiveCfg = Debug|Any CPU
		{F0436AB2-BA80-427E-9E7D-5AF8C8E3BA48}.Debug|iPhone.Build.0 = Debug|Any CPU
		{F0436AB2-BA80-427E-9E7D-5AF8C8E3BA48}.Debug|iPhone.Deploy.0 = Debug|Any CPU
		{F0436AB2-BA80-427E-9E7D-5AF8C8E3BA48}.Debug|iPhoneSimulator.ActiveCfg = Debug|Any CPU
		{F0436AB2-BA80-427E-9E7D-5AF8C8E3BA48}.Debug|iPhoneSimulator.Build.0 = Debug|Any CPU
		{F0436AB2-BA80-427E-9E7D-5AF8C8E3BA48}.Debug|iPhoneSimulator.Deploy.0 = Debug|Any CPU
		{F0436AB2-BA80-427E-9E7D-5AF8C8E3BA48}.Debug|x64.ActiveCfg = Debug|Any CPU
		{F0436AB2-BA80-427E-9E7D-5AF8C8E3BA48}.Debug|x64.Build.0 = Debug|Any CPU
		{F0436AB2-BA80-427E-9E7D-5AF8C8E3BA48}.Debug|x64.Deploy.0 = Debug|Any CPU
		{F0436AB2-BA80-427E-9E7D-5AF8C8E3BA48}.Debug|x86.ActiveCfg = Debug|Any CPU
		{F0436AB2-BA80-427E-9E7D-5AF8C8E3BA48}.Debug|x86.Build.0 = Debug|Any CPU
		{F0436AB2-BA80-427E-9E7D-5AF8C8E3BA48}.Debug|x86.Deploy.0 = Debug|Any CPU
		{F0436AB2-BA80-427E-9E7D-5AF8C8E3BA48}.Release|Any CPU.ActiveCfg = Release|Any CPU
		{F0436AB2-BA80-427E-9E7D-5AF8C8E3BA48}.Release|Any CPU.Build.0 = Release|Any CPU
		{F0436AB2-BA80-427E-9E7D-5AF8C8E3BA48}.Release|Any CPU.Deploy.0 = Release|Any CPU
		{F0436AB2-BA80-427E-9E7D-5AF8C8E3BA48}.Release|ARM.ActiveCfg = Release|Any CPU
		{F0436AB2-BA80-427E-9E7D-5AF8C8E3BA48}.Release|ARM.Build.0 = Release|Any CPU
		{F0436AB2-BA80-427E-9E7D-5AF8C8E3BA48}.Release|ARM.Deploy.0 = Release|Any CPU
		{F0436AB2-BA80-427E-9E7D-5AF8C8E3BA48}.Release|iPhone.ActiveCfg = Release|Any CPU
		{F0436AB2-BA80-427E-9E7D-5AF8C8E3BA48}.Release|iPhone.Build.0 = Release|Any CPU
		{F0436AB2-BA80-427E-9E7D-5AF8C8E3BA48}.Release|iPhone.Deploy.0 = Release|Any CPU
		{F0436AB2-BA80-427E-9E7D-5AF8C8E3BA48}.Release|iPhoneSimulator.ActiveCfg = Release|Any CPU
		{F0436AB2-BA80-427E-9E7D-5AF8C8E3BA48}.Release|iPhoneSimulator.Build.0 = Release|Any CPU
		{F0436AB2-BA80-427E-9E7D-5AF8C8E3BA48}.Release|iPhoneSimulator.Deploy.0 = Release|Any CPU
		{F0436AB2-BA80-427E-9E7D-5AF8C8E3BA48}.Release|x64.ActiveCfg = Release|Any CPU
		{F0436AB2-BA80-427E-9E7D-5AF8C8E3BA48}.Release|x64.Build.0 = Release|Any CPU
		{F0436AB2-BA80-427E-9E7D-5AF8C8E3BA48}.Release|x64.Deploy.0 = Release|Any CPU
		{F0436AB2-BA80-427E-9E7D-5AF8C8E3BA48}.Release|x86.ActiveCfg = Release|Any CPU
		{F0436AB2-BA80-427E-9E7D-5AF8C8E3BA48}.Release|x86.Build.0 = Release|Any CPU
		{F0436AB2-BA80-427E-9E7D-5AF8C8E3BA48}.Release|x86.Deploy.0 = Release|Any CPU
		{81134E4E-1EEA-4F90-A65E-F4CA9BE526C1}.Ad-Hoc|Any CPU.ActiveCfg = Ad-Hoc|iPhone
		{81134E4E-1EEA-4F90-A65E-F4CA9BE526C1}.Ad-Hoc|ARM.ActiveCfg = Ad-Hoc|iPhone
		{81134E4E-1EEA-4F90-A65E-F4CA9BE526C1}.Ad-Hoc|iPhone.ActiveCfg = Ad-Hoc|iPhone
		{81134E4E-1EEA-4F90-A65E-F4CA9BE526C1}.Ad-Hoc|iPhone.Build.0 = Ad-Hoc|iPhone
		{81134E4E-1EEA-4F90-A65E-F4CA9BE526C1}.Ad-Hoc|iPhoneSimulator.ActiveCfg = Ad-Hoc|iPhoneSimulator
		{81134E4E-1EEA-4F90-A65E-F4CA9BE526C1}.Ad-Hoc|iPhoneSimulator.Build.0 = Ad-Hoc|iPhoneSimulator
		{81134E4E-1EEA-4F90-A65E-F4CA9BE526C1}.Ad-Hoc|x64.ActiveCfg = Ad-Hoc|iPhone
		{81134E4E-1EEA-4F90-A65E-F4CA9BE526C1}.Ad-Hoc|x86.ActiveCfg = Ad-Hoc|iPhone
		{81134E4E-1EEA-4F90-A65E-F4CA9BE526C1}.AppStore|Any CPU.ActiveCfg = AppStore|iPhone
		{81134E4E-1EEA-4F90-A65E-F4CA9BE526C1}.AppStore|ARM.ActiveCfg = AppStore|iPhone
		{81134E4E-1EEA-4F90-A65E-F4CA9BE526C1}.AppStore|iPhone.ActiveCfg = AppStore|iPhone
		{81134E4E-1EEA-4F90-A65E-F4CA9BE526C1}.AppStore|iPhone.Build.0 = AppStore|iPhone
		{81134E4E-1EEA-4F90-A65E-F4CA9BE526C1}.AppStore|iPhoneSimulator.ActiveCfg = AppStore|iPhoneSimulator
		{81134E4E-1EEA-4F90-A65E-F4CA9BE526C1}.AppStore|iPhoneSimulator.Build.0 = AppStore|iPhoneSimulator
		{81134E4E-1EEA-4F90-A65E-F4CA9BE526C1}.AppStore|x64.ActiveCfg = AppStore|iPhone
		{81134E4E-1EEA-4F90-A65E-F4CA9BE526C1}.AppStore|x86.ActiveCfg = AppStore|iPhone
		{81134E4E-1EEA-4F90-A65E-F4CA9BE526C1}.Debug|Any CPU.ActiveCfg = Debug|iPhone
		{81134E4E-1EEA-4F90-A65E-F4CA9BE526C1}.Debug|ARM.ActiveCfg = Debug|iPhone
		{81134E4E-1EEA-4F90-A65E-F4CA9BE526C1}.Debug|iPhone.ActiveCfg = Debug|iPhone
		{81134E4E-1EEA-4F90-A65E-F4CA9BE526C1}.Debug|iPhone.Build.0 = Debug|iPhone
		{81134E4E-1EEA-4F90-A65E-F4CA9BE526C1}.Debug|iPhoneSimulator.ActiveCfg = Debug|iPhoneSimulator
		{81134E4E-1EEA-4F90-A65E-F4CA9BE526C1}.Debug|iPhoneSimulator.Build.0 = Debug|iPhoneSimulator
		{81134E4E-1EEA-4F90-A65E-F4CA9BE526C1}.Debug|x64.ActiveCfg = Debug|iPhone
		{81134E4E-1EEA-4F90-A65E-F4CA9BE526C1}.Debug|x86.ActiveCfg = Debug|iPhone
		{81134E4E-1EEA-4F90-A65E-F4CA9BE526C1}.Release|Any CPU.ActiveCfg = Release|iPhone
		{81134E4E-1EEA-4F90-A65E-F4CA9BE526C1}.Release|ARM.ActiveCfg = Release|iPhone
		{81134E4E-1EEA-4F90-A65E-F4CA9BE526C1}.Release|iPhone.ActiveCfg = Release|iPhone
		{81134E4E-1EEA-4F90-A65E-F4CA9BE526C1}.Release|iPhone.Build.0 = Release|iPhone
		{81134E4E-1EEA-4F90-A65E-F4CA9BE526C1}.Release|iPhoneSimulator.ActiveCfg = Release|iPhoneSimulator
		{81134E4E-1EEA-4F90-A65E-F4CA9BE526C1}.Release|iPhoneSimulator.Build.0 = Release|iPhoneSimulator
		{81134E4E-1EEA-4F90-A65E-F4CA9BE526C1}.Release|x64.ActiveCfg = Release|iPhone
		{81134E4E-1EEA-4F90-A65E-F4CA9BE526C1}.Release|x86.ActiveCfg = Release|iPhone
		{9D1CAC7D-2FA2-44BE-919C-C13B9CF8192F}.Ad-Hoc|Any CPU.ActiveCfg = Release|x86
		{9D1CAC7D-2FA2-44BE-919C-C13B9CF8192F}.Ad-Hoc|Any CPU.Build.0 = Release|x86
		{9D1CAC7D-2FA2-44BE-919C-C13B9CF8192F}.Ad-Hoc|Any CPU.Deploy.0 = Release|x86
		{9D1CAC7D-2FA2-44BE-919C-C13B9CF8192F}.Ad-Hoc|ARM.ActiveCfg = Release|ARM
		{9D1CAC7D-2FA2-44BE-919C-C13B9CF8192F}.Ad-Hoc|ARM.Build.0 = Release|ARM
		{9D1CAC7D-2FA2-44BE-919C-C13B9CF8192F}.Ad-Hoc|ARM.Deploy.0 = Release|ARM
		{9D1CAC7D-2FA2-44BE-919C-C13B9CF8192F}.Ad-Hoc|iPhone.ActiveCfg = Release|x86
		{9D1CAC7D-2FA2-44BE-919C-C13B9CF8192F}.Ad-Hoc|iPhone.Build.0 = Release|x86
		{9D1CAC7D-2FA2-44BE-919C-C13B9CF8192F}.Ad-Hoc|iPhone.Deploy.0 = Release|x86
		{9D1CAC7D-2FA2-44BE-919C-C13B9CF8192F}.Ad-Hoc|iPhoneSimulator.ActiveCfg = Release|x86
		{9D1CAC7D-2FA2-44BE-919C-C13B9CF8192F}.Ad-Hoc|iPhoneSimulator.Build.0 = Release|x86
		{9D1CAC7D-2FA2-44BE-919C-C13B9CF8192F}.Ad-Hoc|iPhoneSimulator.Deploy.0 = Release|x86
		{9D1CAC7D-2FA2-44BE-919C-C13B9CF8192F}.Ad-Hoc|x64.ActiveCfg = Release|x64
		{9D1CAC7D-2FA2-44BE-919C-C13B9CF8192F}.Ad-Hoc|x64.Build.0 = Release|x64
		{9D1CAC7D-2FA2-44BE-919C-C13B9CF8192F}.Ad-Hoc|x64.Deploy.0 = Release|x64
		{9D1CAC7D-2FA2-44BE-919C-C13B9CF8192F}.Ad-Hoc|x86.ActiveCfg = Release|x86
		{9D1CAC7D-2FA2-44BE-919C-C13B9CF8192F}.Ad-Hoc|x86.Build.0 = Release|x86
		{9D1CAC7D-2FA2-44BE-919C-C13B9CF8192F}.Ad-Hoc|x86.Deploy.0 = Release|x86
		{9D1CAC7D-2FA2-44BE-919C-C13B9CF8192F}.AppStore|Any CPU.ActiveCfg = Release|x86
		{9D1CAC7D-2FA2-44BE-919C-C13B9CF8192F}.AppStore|Any CPU.Build.0 = Release|x86
		{9D1CAC7D-2FA2-44BE-919C-C13B9CF8192F}.AppStore|Any CPU.Deploy.0 = Release|x86
		{9D1CAC7D-2FA2-44BE-919C-C13B9CF8192F}.AppStore|ARM.ActiveCfg = Release|ARM
		{9D1CAC7D-2FA2-44BE-919C-C13B9CF8192F}.AppStore|ARM.Build.0 = Release|ARM
		{9D1CAC7D-2FA2-44BE-919C-C13B9CF8192F}.AppStore|ARM.Deploy.0 = Release|ARM
		{9D1CAC7D-2FA2-44BE-919C-C13B9CF8192F}.AppStore|iPhone.ActiveCfg = Release|x86
		{9D1CAC7D-2FA2-44BE-919C-C13B9CF8192F}.AppStore|iPhone.Build.0 = Release|x86
		{9D1CAC7D-2FA2-44BE-919C-C13B9CF8192F}.AppStore|iPhone.Deploy.0 = Release|x86
		{9D1CAC7D-2FA2-44BE-919C-C13B9CF8192F}.AppStore|iPhoneSimulator.ActiveCfg = Release|x86
		{9D1CAC7D-2FA2-44BE-919C-C13B9CF8192F}.AppStore|iPhoneSimulator.Build.0 = Release|x86
		{9D1CAC7D-2FA2-44BE-919C-C13B9CF8192F}.AppStore|iPhoneSimulator.Deploy.0 = Release|x86
		{9D1CAC7D-2FA2-44BE-919C-C13B9CF8192F}.AppStore|x64.ActiveCfg = Release|x64
		{9D1CAC7D-2FA2-44BE-919C-C13B9CF8192F}.AppStore|x64.Build.0 = Release|x64
		{9D1CAC7D-2FA2-44BE-919C-C13B9CF8192F}.AppStore|x64.Deploy.0 = Release|x64
		{9D1CAC7D-2FA2-44BE-919C-C13B9CF8192F}.AppStore|x86.ActiveCfg = Release|x86
		{9D1CAC7D-2FA2-44BE-919C-C13B9CF8192F}.AppStore|x86.Build.0 = Release|x86
		{9D1CAC7D-2FA2-44BE-919C-C13B9CF8192F}.AppStore|x86.Deploy.0 = Release|x86
		{9D1CAC7D-2FA2-44BE-919C-C13B9CF8192F}.Debug|Any CPU.ActiveCfg = Debug|x86
		{9D1CAC7D-2FA2-44BE-919C-C13B9CF8192F}.Debug|Any CPU.Build.0 = Debug|x86
		{9D1CAC7D-2FA2-44BE-919C-C13B9CF8192F}.Debug|Any CPU.Deploy.0 = Debug|x86
		{9D1CAC7D-2FA2-44BE-919C-C13B9CF8192F}.Debug|ARM.ActiveCfg = Debug|ARM
		{9D1CAC7D-2FA2-44BE-919C-C13B9CF8192F}.Debug|ARM.Build.0 = Debug|ARM
		{9D1CAC7D-2FA2-44BE-919C-C13B9CF8192F}.Debug|ARM.Deploy.0 = Debug|ARM
		{9D1CAC7D-2FA2-44BE-919C-C13B9CF8192F}.Debug|iPhone.ActiveCfg = Debug|x86
		{9D1CAC7D-2FA2-44BE-919C-C13B9CF8192F}.Debug|iPhoneSimulator.ActiveCfg = Debug|x86
		{9D1CAC7D-2FA2-44BE-919C-C13B9CF8192F}.Debug|x64.ActiveCfg = Debug|x64
		{9D1CAC7D-2FA2-44BE-919C-C13B9CF8192F}.Debug|x64.Build.0 = Debug|x64
		{9D1CAC7D-2FA2-44BE-919C-C13B9CF8192F}.Debug|x64.Deploy.0 = Debug|x64
		{9D1CAC7D-2FA2-44BE-919C-C13B9CF8192F}.Debug|x86.ActiveCfg = Debug|x86
		{9D1CAC7D-2FA2-44BE-919C-C13B9CF8192F}.Debug|x86.Build.0 = Debug|x86
		{9D1CAC7D-2FA2-44BE-919C-C13B9CF8192F}.Debug|x86.Deploy.0 = Debug|x86
		{9D1CAC7D-2FA2-44BE-919C-C13B9CF8192F}.Release|Any CPU.ActiveCfg = Release|x86
		{9D1CAC7D-2FA2-44BE-919C-C13B9CF8192F}.Release|ARM.ActiveCfg = Release|ARM
		{9D1CAC7D-2FA2-44BE-919C-C13B9CF8192F}.Release|ARM.Build.0 = Release|ARM
		{9D1CAC7D-2FA2-44BE-919C-C13B9CF8192F}.Release|ARM.Deploy.0 = Release|ARM
		{9D1CAC7D-2FA2-44BE-919C-C13B9CF8192F}.Release|iPhone.ActiveCfg = Release|x86
		{9D1CAC7D-2FA2-44BE-919C-C13B9CF8192F}.Release|iPhoneSimulator.ActiveCfg = Release|x86
		{9D1CAC7D-2FA2-44BE-919C-C13B9CF8192F}.Release|x64.ActiveCfg = Release|x64
		{9D1CAC7D-2FA2-44BE-919C-C13B9CF8192F}.Release|x64.Build.0 = Release|x64
		{9D1CAC7D-2FA2-44BE-919C-C13B9CF8192F}.Release|x64.Deploy.0 = Release|x64
		{9D1CAC7D-2FA2-44BE-919C-C13B9CF8192F}.Release|x86.ActiveCfg = Release|x86
		{9D1CAC7D-2FA2-44BE-919C-C13B9CF8192F}.Release|x86.Build.0 = Release|x86
		{9D1CAC7D-2FA2-44BE-919C-C13B9CF8192F}.Release|x86.Deploy.0 = Release|x86
	EndGlobalSection
	GlobalSection(SolutionProperties) = preSolution
		HideSolutionNode = FALSE
	EndGlobalSection
EndGlobal
